
Microsoft Visual Studio Solution File, Format Version 12.00
# Visual Studio Version 16
VisualStudioVersion = 16.0.29102.190
MinimumVisualStudioVersion = 10.0.40219.1
Project("{FAE04EC0-301F-11D3-BF4B-00C04F79EFBC}") = "AudioFlyout", "AudioFlyout\AudioFlyout.csproj", "{D72DA4DB-3534-4260-85D1-AA0B9721F21B}"
EndProject
Global
	GlobalSection(SolutionConfigurationPlatforms) = preSolution
		Debug|Any CPU = Debug|Any CPU
		Release UIAccess|Any CPU = Release UIAccess|Any CPU
		Release|Any CPU = Release|Any CPU
	EndGlobalSection
	GlobalSection(ProjectConfigurationPlatforms) = postSolution
		{D72DA4DB-3534-4260-85D1-AA0B9721F21B}.Debug|Any CPU.ActiveCfg = Debug|Any CPU
		{D72DA4DB-3534-4260-85D1-AA0B9721F21B}.Debug|Any CPU.Build.0 = Debug|Any CPU
		{D72DA4DB-3534-4260-85D1-AA0B9721F21B}.Release UIAccess|Any CPU.ActiveCfg = Release UIAccess|Any CPU
		{D72DA4DB-3534-4260-85D1-AA0B9721F21B}.Release UIAccess|Any CPU.Build.0 = Release UIAccess|Any CPU
		{D72DA4DB-3534-4260-85D1-AA0B9721F21B}.Release|Any CPU.ActiveCfg = Release|Any CPU
		{D72DA4DB-3534-4260-85D1-AA0B9721F21B}.Release|Any CPU.Build.0 = Release|Any CPU
	EndGlobalSection
	GlobalSection(SolutionProperties) = preSolution
		HideSolutionNode = FALSE
	EndGlobalSection
	GlobalSection(ExtensibilityGlobals) = postSolution
		SolutionGuid = {360910F1-2065-4648-9FB5-E6126BC24609}
	EndGlobalSection
EndGlobal
